{
  "version": "3",
  "packages": {
    "specifiers": {
      "jsr:@luca/esbuild-deno-loader@^0.10.3": "jsr:@luca/esbuild-deno-loader@0.10.3",
      "jsr:@std/assert@^0.213.1": "jsr:@std/assert@0.213.1",
      "jsr:@std/assert@^1.0.0": "jsr:@std/assert@1.0.0",
      "jsr:@std/cli@^1.0.0": "jsr:@std/cli@1.0.0",
      "jsr:@std/encoding@0.213": "jsr:@std/encoding@0.213.1",
      "jsr:@std/fs@^0.229.3": "jsr:@std/fs@0.229.3",
      "jsr:@std/internal@^1.0.1": "jsr:@std/internal@1.0.1",
      "jsr:@std/json@^0.213.1": "jsr:@std/json@0.213.1",
      "jsr:@std/jsonc@0.213": "jsr:@std/jsonc@0.213.1",
      "jsr:@std/path@0.213": "jsr:@std/path@0.213.1",
      "jsr:@std/path@1.0.0-rc.1": "jsr:@std/path@1.0.0-rc.1",
      "jsr:@std/path@^1.0.1": "jsr:@std/path@1.0.1",
      "jsr:@std/testing@^0.225.3": "jsr:@std/testing@0.225.3",
      "npm:@types/chrome@0.0.268": "npm:@types/chrome@0.0.268",
      "npm:esbuild@^0.23.0": "npm:esbuild@0.23.0"
    },
    "jsr": {
      "@luca/esbuild-deno-loader@0.10.3": {
        "integrity": "32fc93f7e7f78060234fd5929a740668aab1c742b808c6048b57f9aaea514921",
        "dependencies": [
          "jsr:@std/encoding@0.213",
          "jsr:@std/jsonc@0.213",
          "jsr:@std/path@0.213"
        ]
      },
      "@std/assert@0.213.1": {
        "integrity": "24c28178b30c8e0782c18e8e94ea72b16282207569cdd10ffb9d1d26f2edebfe"
      },
      "@std/assert@1.0.0": {
        "integrity": "0e4f6d873f7f35e2a1e6194ceee39686c996b9e5d134948e644d35d4c4df2008",
        "dependencies": [
          "jsr:@std/internal@^1.0.1"
        ]
      },
      "@std/cli@1.0.0": {
        "integrity": "3c38f1da21bff0d25a9e6d97139ef2eb9ba334b5910da92c0169b44f38655f08"
      },
      "@std/encoding@0.213.1": {
        "integrity": "fcbb6928713dde941a18ca5db88ca1544d0755ec8fb20fe61e2dc8144b390c62"
      },
      "@std/fs@0.229.3": {
        "integrity": "783bca21f24da92e04c3893c9e79653227ab016c48e96b3078377ebd5222e6eb",
        "dependencies": [
          "jsr:@std/path@1.0.0-rc.1"
        ]
      },
      "@std/internal@1.0.1": {
        "integrity": "6f8c7544d06a11dd256c8d6ba54b11ed870aac6c5aeafff499892662c57673e6"
      },
      "@std/json@0.213.1": {
        "integrity": "f572b1de605d07c4a5602445dac54bfc51b1fb87a3710a17aed2608bfca54e68"
      },
      "@std/jsonc@0.213.1": {
        "integrity": "5578f21aa583b7eb7317eed077ffcde47b294f1056bdbb9aacec407758637bfe",
        "dependencies": [
          "jsr:@std/assert@^0.213.1",
          "jsr:@std/json@^0.213.1"
        ]
      },
      "@std/path@0.213.1": {
        "integrity": "f187bf278a172752e02fcbacf6bd78a335ed320d080a7ed3a5a59c3e88abc673",
        "dependencies": [
          "jsr:@std/assert@^0.213.1"
        ]
      },
      "@std/path@1.0.0-rc.1": {
        "integrity": "b8c00ae2f19106a6bb7cbf1ab9be52aa70de1605daeb2dbdc4f87a7cbaf10ff6"
      },
      "@std/path@1.0.1": {
        "integrity": "e061ff02c28481ca49e3a14981875c345e9fc7e973190672782cd0ac8af70428"
      },
      "@std/testing@0.225.3": {
        "integrity": "348c24d0479d44ab3dbb4f26170f242e19f24051b45935d4a9e7ca0ab7e37780"
      }
    },
    "npm": {
      "@esbuild/aix-ppc64@0.23.0": {
        "integrity": "sha512-3sG8Zwa5fMcA9bgqB8AfWPQ+HFke6uD3h1s3RIwUNK8EG7a4buxvuFTs3j1IMs2NXAk9F30C/FF4vxRgQCcmoQ==",
        "dependencies": {}
      },
      "@esbuild/android-arm64@0.23.0": {
        "integrity": "sha512-EuHFUYkAVfU4qBdyivULuu03FhJO4IJN9PGuABGrFy4vUuzk91P2d+npxHcFdpUnfYKy0PuV+n6bKIpHOB3prQ==",
        "dependencies": {}
      },
      "@esbuild/android-arm@0.23.0": {
        "integrity": "sha512-+KuOHTKKyIKgEEqKbGTK8W7mPp+hKinbMBeEnNzjJGyFcWsfrXjSTNluJHCY1RqhxFurdD8uNXQDei7qDlR6+g==",
        "dependencies": {}
      },
      "@esbuild/android-x64@0.23.0": {
        "integrity": "sha512-WRrmKidLoKDl56LsbBMhzTTBxrsVwTKdNbKDalbEZr0tcsBgCLbEtoNthOW6PX942YiYq8HzEnb4yWQMLQuipQ==",
        "dependencies": {}
      },
      "@esbuild/darwin-arm64@0.23.0": {
        "integrity": "sha512-YLntie/IdS31H54Ogdn+v50NuoWF5BDkEUFpiOChVa9UnKpftgwzZRrI4J132ETIi+D8n6xh9IviFV3eXdxfow==",
        "dependencies": {}
      },
      "@esbuild/darwin-x64@0.23.0": {
        "integrity": "sha512-IMQ6eme4AfznElesHUPDZ+teuGwoRmVuuixu7sv92ZkdQcPbsNHzutd+rAfaBKo8YK3IrBEi9SLLKWJdEvJniQ==",
        "dependencies": {}
      },
      "@esbuild/freebsd-arm64@0.23.0": {
        "integrity": "sha512-0muYWCng5vqaxobq6LB3YNtevDFSAZGlgtLoAc81PjUfiFz36n4KMpwhtAd4he8ToSI3TGyuhyx5xmiWNYZFyw==",
        "dependencies": {}
      },
      "@esbuild/freebsd-x64@0.23.0": {
        "integrity": "sha512-XKDVu8IsD0/q3foBzsXGt/KjD/yTKBCIwOHE1XwiXmrRwrX6Hbnd5Eqn/WvDekddK21tfszBSrE/WMaZh+1buQ==",
        "dependencies": {}
      },
      "@esbuild/linux-arm64@0.23.0": {
        "integrity": "sha512-j1t5iG8jE7BhonbsEg5d9qOYcVZv/Rv6tghaXM/Ug9xahM0nX/H2gfu6X6z11QRTMT6+aywOMA8TDkhPo8aCGw==",
        "dependencies": {}
      },
      "@esbuild/linux-arm@0.23.0": {
        "integrity": "sha512-SEELSTEtOFu5LPykzA395Mc+54RMg1EUgXP+iw2SJ72+ooMwVsgfuwXo5Fn0wXNgWZsTVHwY2cg4Vi/bOD88qw==",
        "dependencies": {}
      },
      "@esbuild/linux-ia32@0.23.0": {
        "integrity": "sha512-P7O5Tkh2NbgIm2R6x1zGJJsnacDzTFcRWZyTTMgFdVit6E98LTxO+v8LCCLWRvPrjdzXHx9FEOA8oAZPyApWUA==",
        "dependencies": {}
      },
      "@esbuild/linux-loong64@0.23.0": {
        "integrity": "sha512-InQwepswq6urikQiIC/kkx412fqUZudBO4SYKu0N+tGhXRWUqAx+Q+341tFV6QdBifpjYgUndV1hhMq3WeJi7A==",
        "dependencies": {}
      },
      "@esbuild/linux-mips64el@0.23.0": {
        "integrity": "sha512-J9rflLtqdYrxHv2FqXE2i1ELgNjT+JFURt/uDMoPQLcjWQA5wDKgQA4t/dTqGa88ZVECKaD0TctwsUfHbVoi4w==",
        "dependencies": {}
      },
      "@esbuild/linux-ppc64@0.23.0": {
        "integrity": "sha512-cShCXtEOVc5GxU0fM+dsFD10qZ5UpcQ8AM22bYj0u/yaAykWnqXJDpd77ublcX6vdDsWLuweeuSNZk4yUxZwtw==",
        "dependencies": {}
      },
      "@esbuild/linux-riscv64@0.23.0": {
        "integrity": "sha512-HEtaN7Y5UB4tZPeQmgz/UhzoEyYftbMXrBCUjINGjh3uil+rB/QzzpMshz3cNUxqXN7Vr93zzVtpIDL99t9aRw==",
        "dependencies": {}
      },
      "@esbuild/linux-s390x@0.23.0": {
        "integrity": "sha512-WDi3+NVAuyjg/Wxi+o5KPqRbZY0QhI9TjrEEm+8dmpY9Xir8+HE/HNx2JoLckhKbFopW0RdO2D72w8trZOV+Wg==",
        "dependencies": {}
      },
      "@esbuild/linux-x64@0.23.0": {
        "integrity": "sha512-a3pMQhUEJkITgAw6e0bWA+F+vFtCciMjW/LPtoj99MhVt+Mfb6bbL9hu2wmTZgNd994qTAEw+U/r6k3qHWWaOQ==",
        "dependencies": {}
      },
      "@esbuild/netbsd-x64@0.23.0": {
        "integrity": "sha512-cRK+YDem7lFTs2Q5nEv/HHc4LnrfBCbH5+JHu6wm2eP+d8OZNoSMYgPZJq78vqQ9g+9+nMuIsAO7skzphRXHyw==",
        "dependencies": {}
      },
      "@esbuild/openbsd-arm64@0.23.0": {
        "integrity": "sha512-suXjq53gERueVWu0OKxzWqk7NxiUWSUlrxoZK7usiF50C6ipColGR5qie2496iKGYNLhDZkPxBI3erbnYkU0rQ==",
        "dependencies": {}
      },
      "@esbuild/openbsd-x64@0.23.0": {
        "integrity": "sha512-6p3nHpby0DM/v15IFKMjAaayFhqnXV52aEmv1whZHX56pdkK+MEaLoQWj+H42ssFarP1PcomVhbsR4pkz09qBg==",
        "dependencies": {}
      },
      "@esbuild/sunos-x64@0.23.0": {
        "integrity": "sha512-BFelBGfrBwk6LVrmFzCq1u1dZbG4zy/Kp93w2+y83Q5UGYF1d8sCzeLI9NXjKyujjBBniQa8R8PzLFAUrSM9OA==",
        "dependencies": {}
      },
      "@esbuild/win32-arm64@0.23.0": {
        "integrity": "sha512-lY6AC8p4Cnb7xYHuIxQ6iYPe6MfO2CC43XXKo9nBXDb35krYt7KGhQnOkRGar5psxYkircpCqfbNDB4uJbS2jQ==",
        "dependencies": {}
      },
      "@esbuild/win32-ia32@0.23.0": {
        "integrity": "sha512-7L1bHlOTcO4ByvI7OXVI5pNN6HSu6pUQq9yodga8izeuB1KcT2UkHaH6118QJwopExPn0rMHIseCTx1CRo/uNA==",
        "dependencies": {}
      },
      "@esbuild/win32-x64@0.23.0": {
        "integrity": "sha512-Arm+WgUFLUATuoxCJcahGuk6Yj9Pzxd6l11Zb/2aAuv5kWWvvfhLFo2fni4uSK5vzlUdCGZ/BdV5tH8klj8p8g==",
        "dependencies": {}
      },
      "@types/chrome@0.0.268": {
        "integrity": "sha512-7N1QH9buudSJ7sI8Pe4mBHJr5oZ48s0hcanI9w3wgijAlv1OZNUZve9JR4x42dn5lJ5Sm87V1JNfnoh10EnQlA==",
        "dependencies": {
          "@types/filesystem": "@types/filesystem@0.0.36",
          "@types/har-format": "@types/har-format@1.2.15"
        }
      },
      "@types/filesystem@0.0.36": {
        "integrity": "sha512-vPDXOZuannb9FZdxgHnqSwAG/jvdGM8Wq+6N4D/d80z+D4HWH+bItqsZaVRQykAn6WEVeEkLm2oQigyHtgb0RA==",
        "dependencies": {
          "@types/filewriter": "@types/filewriter@0.0.33"
        }
      },
      "@types/filewriter@0.0.33": {
        "integrity": "sha512-xFU8ZXTw4gd358lb2jw25nxY9QAgqn2+bKKjKOYfNCzN4DKCFetK7sPtrlpg66Ywe3vWY9FNxprZawAh9wfJ3g==",
        "dependencies": {}
      },
      "@types/har-format@1.2.15": {
        "integrity": "sha512-RpQH4rXLuvTXKR0zqHq3go0RVXYv/YVqv4TnPH95VbwUxZdQlK1EtcMvQvMpDngHbt13Csh9Z4qT9AbkiQH5BA==",
        "dependencies": {}
      },
      "esbuild@0.23.0": {
        "integrity": "sha512-1lvV17H2bMYda/WaFb2jLPeHU3zml2k4/yagNMG8Q/YtfMjCwEUZa2eXXMgZTVSL5q1n4H7sQ0X6CdJDqqeCFA==",
        "dependencies": {
          "@esbuild/aix-ppc64": "@esbuild/aix-ppc64@0.23.0",
          "@esbuild/android-arm": "@esbuild/android-arm@0.23.0",
          "@esbuild/android-arm64": "@esbuild/android-arm64@0.23.0",
          "@esbuild/android-x64": "@esbuild/android-x64@0.23.0",
          "@esbuild/darwin-arm64": "@esbuild/darwin-arm64@0.23.0",
          "@esbuild/darwin-x64": "@esbuild/darwin-x64@0.23.0",
          "@esbuild/freebsd-arm64": "@esbuild/freebsd-arm64@0.23.0",
          "@esbuild/freebsd-x64": "@esbuild/freebsd-x64@0.23.0",
          "@esbuild/linux-arm": "@esbuild/linux-arm@0.23.0",
          "@esbuild/linux-arm64": "@esbuild/linux-arm64@0.23.0",
          "@esbuild/linux-ia32": "@esbuild/linux-ia32@0.23.0",
          "@esbuild/linux-loong64": "@esbuild/linux-loong64@0.23.0",
          "@esbuild/linux-mips64el": "@esbuild/linux-mips64el@0.23.0",
          "@esbuild/linux-ppc64": "@esbuild/linux-ppc64@0.23.0",
          "@esbuild/linux-riscv64": "@esbuild/linux-riscv64@0.23.0",
          "@esbuild/linux-s390x": "@esbuild/linux-s390x@0.23.0",
          "@esbuild/linux-x64": "@esbuild/linux-x64@0.23.0",
          "@esbuild/netbsd-x64": "@esbuild/netbsd-x64@0.23.0",
          "@esbuild/openbsd-arm64": "@esbuild/openbsd-arm64@0.23.0",
          "@esbuild/openbsd-x64": "@esbuild/openbsd-x64@0.23.0",
          "@esbuild/sunos-x64": "@esbuild/sunos-x64@0.23.0",
          "@esbuild/win32-arm64": "@esbuild/win32-arm64@0.23.0",
          "@esbuild/win32-ia32": "@esbuild/win32-ia32@0.23.0",
          "@esbuild/win32-x64": "@esbuild/win32-x64@0.23.0"
        }
      }
    }
  },
  "remote": {},
  "workspace": {
    "dependencies": [
      "jsr:@luca/esbuild-deno-loader@^0.10.3",
      "jsr:@std/assert@^1.0.0",
      "jsr:@std/cli@^1.0.0",
      "jsr:@std/fs@^0.229.3",
      "jsr:@std/path@^1.0.1",
      "jsr:@std/testing@^0.225.3",
      "npm:@types/chrome@0.0.268",
      "npm:esbuild@^0.23.0"
    ]
  }
}
