{
  "version": "3",
  "packages": {
    "specifiers": {
      "npm:@types/chrome": "npm:@types/chrome@0.0.254",
      "npm:@types/node": "npm:@types/node@18.16.19"
    },
    "npm": {
      "@types/chrome@0.0.254": {
        "integrity": "sha512-svkOGKwA+6ZZuk9xtrYun8MYpNY/9hD17rgZ19v3KunhsK1ZOKaMESw12/1AXLh1u3UPA8jQIRi2370DXv9wgw==",
        "dependencies": {
          "@types/filesystem": "@types/filesystem@0.0.35",
          "@types/har-format": "@types/har-format@1.2.15"
        }
      },
      "@types/filesystem@0.0.35": {
        "integrity": "sha512-1eKvCaIBdrD2mmMgy5dwh564rVvfEhZTWVQQGRNn0Nt4ZEnJ0C8oSUCzvMKRA4lGde5oEVo+q2MrTTbV/GHDCQ==",
        "dependencies": {
          "@types/filewriter": "@types/filewriter@0.0.32"
        }
      },
      "@types/filewriter@0.0.32": {
        "integrity": "sha512-Kpi2GXQyYJdjL8mFclL1eDgihn1SIzorMZjD94kdPZh9E4VxGOeyjPxi5LpsM4Zku7P0reqegZTt2GxhmA9VBg==",
        "dependencies": {}
      },
      "@types/har-format@1.2.15": {
        "integrity": "sha512-RpQH4rXLuvTXKR0zqHq3go0RVXYv/YVqv4TnPH95VbwUxZdQlK1EtcMvQvMpDngHbt13Csh9Z4qT9AbkiQH5BA==",
        "dependencies": {}
      },
      "@types/node@18.16.19": {
        "integrity": "sha512-IXl7o+R9iti9eBW4Wg2hx1xQDig183jj7YLn8F7udNceyfkbn1ZxmzZXuak20gR40D7pIkIY1kYGx5VIGbaHKA==",
        "dependencies": {}
      }
    }
  },
  "remote": {
    "https://deno.land/std@0.208.0/assert/_constants.ts": "8a9da298c26750b28b326b297316cdde860bc237533b07e1337c021379e6b2a9",
    "https://deno.land/std@0.208.0/assert/_diff.ts": "58e1461cc61d8eb1eacbf2a010932bf6a05b79344b02ca38095f9b805795dc48",
    "https://deno.land/std@0.208.0/assert/_format.ts": "a69126e8a469009adf4cf2a50af889aca364c349797e63174884a52ff75cf4c7",
    "https://deno.land/std@0.208.0/assert/assert.ts": "9a97dad6d98c238938e7540736b826440ad8c1c1e54430ca4c4e623e585607ee",
    "https://deno.land/std@0.208.0/assert/assert_almost_equals.ts": "e15ca1f34d0d5e0afae63b3f5d975cbd18335a132e42b0c747d282f62ad2cd6c",
    "https://deno.land/std@0.208.0/assert/assert_array_includes.ts": "6856d7f2c3544bc6e62fb4646dfefa3d1df5ff14744d1bca19f0cbaf3b0d66c9",
    "https://deno.land/std@0.208.0/assert/assert_equals.ts": "d8ec8a22447fbaf2fc9d7c3ed2e66790fdb74beae3e482855d75782218d68227",
    "https://deno.land/std@0.208.0/assert/assert_exists.ts": "407cb6b9fb23a835cd8d5ad804e2e2edbbbf3870e322d53f79e1c7a512e2efd7",
    "https://deno.land/std@0.208.0/assert/assert_false.ts": "0ccbcaae910f52c857192ff16ea08bda40fdc79de80846c206bfc061e8c851c6",
    "https://deno.land/std@0.208.0/assert/assert_greater.ts": "ae2158a2d19313bf675bf7251d31c6dc52973edb12ac64ac8fc7064152af3e63",
    "https://deno.land/std@0.208.0/assert/assert_greater_or_equal.ts": "1439da5ebbe20855446cac50097ac78b9742abe8e9a43e7de1ce1426d556e89c",
    "https://deno.land/std@0.208.0/assert/assert_instance_of.ts": "3aedb3d8186e120812d2b3a5dea66a6e42bf8c57a8bd927645770bd21eea554c",
    "https://deno.land/std@0.208.0/assert/assert_is_error.ts": "c21113094a51a296ffaf036767d616a78a2ae5f9f7bbd464cd0197476498b94b",
    "https://deno.land/std@0.208.0/assert/assert_less.ts": "aec695db57db42ec3e2b62e97e1e93db0063f5a6ec133326cc290ff4b71b47e4",
    "https://deno.land/std@0.208.0/assert/assert_less_or_equal.ts": "5fa8b6a3ffa20fd0a05032fe7257bf985d207b85685fdbcd23651b70f928c848",
    "https://deno.land/std@0.208.0/assert/assert_match.ts": "c4083f80600bc190309903c95e397a7c9257ff8b5ae5c7ef91e834704e672e9b",
    "https://deno.land/std@0.208.0/assert/assert_not_equals.ts": "9f1acab95bd1f5fc9a1b17b8027d894509a745d91bac1718fdab51dc76831754",
    "https://deno.land/std@0.208.0/assert/assert_not_instance_of.ts": "0c14d3dfd9ab7a5276ed8ed0b18c703d79a3d106102077ec437bfe7ed912bd22",
    "https://deno.land/std@0.208.0/assert/assert_not_match.ts": "3796a5b0c57a1ce6c1c57883dd4286be13a26f715ea662318ab43a8491a13ab0",
    "https://deno.land/std@0.208.0/assert/assert_not_strict_equals.ts": "4cdef83df17488df555c8aac1f7f5ec2b84ad161b6d0645ccdbcc17654e80c99",
    "https://deno.land/std@0.208.0/assert/assert_object_match.ts": "d8fc2867cfd92eeacf9cea621e10336b666de1874a6767b5ec48988838370b54",
    "https://deno.land/std@0.208.0/assert/assert_rejects.ts": "45c59724de2701e3b1f67c391d6c71c392363635aad3f68a1b3408f9efca0057",
    "https://deno.land/std@0.208.0/assert/assert_strict_equals.ts": "b1f538a7ea5f8348aeca261d4f9ca603127c665e0f2bbfeb91fa272787c87265",
    "https://deno.land/std@0.208.0/assert/assert_string_includes.ts": "b821d39ebf5cb0200a348863c86d8c4c4b398e02012ce74ad15666fc4b631b0c",
    "https://deno.land/std@0.208.0/assert/assert_throws.ts": "63784e951475cb7bdfd59878cd25a0931e18f6dc32a6077c454b2cd94f4f4bcd",
    "https://deno.land/std@0.208.0/assert/assertion_error.ts": "4d0bde9b374dfbcbe8ac23f54f567b77024fb67dbb1906a852d67fe050d42f56",
    "https://deno.land/std@0.208.0/assert/equal.ts": "9f1a46d5993966d2596c44e5858eec821859b45f783a5ee2f7a695dfc12d8ece",
    "https://deno.land/std@0.208.0/assert/fail.ts": "c36353d7ae6e1f7933d45f8ea51e358c8c4b67d7e7502028598fe1fea062e278",
    "https://deno.land/std@0.208.0/assert/mod.ts": "37c49a26aae2b254bbe25723434dc28cd7532e444cf0b481a97c045d110ec085",
    "https://deno.land/std@0.208.0/assert/unimplemented.ts": "d56fbeecb1f108331a380f72e3e010a1f161baa6956fd0f7cf3e095ae1a4c75a",
    "https://deno.land/std@0.208.0/assert/unreachable.ts": "4600dc0baf7d9c15a7f7d234f00c23bca8f3eba8b140286aaca7aa998cf9a536",
    "https://deno.land/std@0.208.0/fmt/colors.ts": "34b3f77432925eb72cf0bfb351616949746768620b8e5ead66da532f93d10ba2",
    "https://deno.land/std@0.208.0/testing/asserts.ts": "605bbd2ef0695e2a4324d810c4ad22e56041d51afb9584fc0b4e81084b14b1d6",
    "https://deno.land/std@0.208.0/testing/mock.ts": "3f23573411caf1eacd48d62c5f9a606970648a694ce55132c76b0d2365baa03d",
    "https://deno.land/x/deno_dom@v0.1.43/build/deno-wasm/deno-wasm.js": "d6841a06342eb6a2798ef28de79ad69c0f2fa349fa04d3ca45e5fcfbf50a9340",
    "https://deno.land/x/deno_dom@v0.1.43/deno-dom-wasm.ts": "a33d160421bbb6e3104285ea5ebf33352b7ad50d82ea8765e3cf65f972b25119",
    "https://deno.land/x/deno_dom@v0.1.43/src/api.ts": "0ff5790f0a3eeecb4e00b7d8fbfa319b165962cf6d0182a65ba90f158d74f7d7",
    "https://deno.land/x/deno_dom@v0.1.43/src/constructor-lock.ts": "59714df7e0571ec7bd338903b1f396202771a6d4d7f55a452936bd0de9deb186",
    "https://deno.land/x/deno_dom@v0.1.43/src/deserialize.ts": "1cf4096678d8afed8ed28dbad690504c4d2c28149ba768b26eacd1416873425b",
    "https://deno.land/x/deno_dom@v0.1.43/src/dom/document-fragment.ts": "1c7352a3c816587ed7fad574b42636198f680f17abc3836fcfe7799b31e7718f",
    "https://deno.land/x/deno_dom@v0.1.43/src/dom/document.ts": "b8f4e4ccabaaa063d6562a0f2f8dea9c0419515d63d8bd79bfde95f7cd64bd93",
    "https://deno.land/x/deno_dom@v0.1.43/src/dom/dom-parser.ts": "609097b426f8c2358f3e5d2bca55ed026cf26cdf86562e94130dfdb0f2537f92",
    "https://deno.land/x/deno_dom@v0.1.43/src/dom/element.ts": "d5371cd83ff2128353c1975465c368ef83d7441568626b386557deba51315111",
    "https://deno.land/x/deno_dom@v0.1.43/src/dom/elements/html-template-element.ts": "740b97a5378c9a14cccf3429299846eda240b613013e2d2d7f20b393897453c2",
    "https://deno.land/x/deno_dom@v0.1.43/src/dom/html-collection.ts": "ae90197f5270c32074926ad6cf30ee07d274d44596c7e413c354880cebce8565",
    "https://deno.land/x/deno_dom@v0.1.43/src/dom/node-list.ts": "4c6e4b4585301d4147addaccd90cb5f5a80e8d6290a1ba7058c5e3dfea16e15d",
    "https://deno.land/x/deno_dom@v0.1.43/src/dom/node.ts": "3069e6fc93ac4111a136ed68199d76673339842b9751610ba06f111ba7dc10a7",
    "https://deno.land/x/deno_dom@v0.1.43/src/dom/selectors/custom-api.ts": "852696bd58e534bc41bd3be9e2250b60b67cd95fd28ed16b1deff1d548531a71",
    "https://deno.land/x/deno_dom@v0.1.43/src/dom/selectors/nwsapi-types.ts": "c43b36c36acc5d32caabaa54fda8c9d239b2b0fcbce9a28efb93c84aa1021698",
    "https://deno.land/x/deno_dom@v0.1.43/src/dom/selectors/nwsapi.js": "985d7d8fc1eabbb88946b47a1c44c1b2d4aa79ff23c21424219f1528fa27a2ff",
    "https://deno.land/x/deno_dom@v0.1.43/src/dom/selectors/selectors.ts": "83eab57be2290fb48e3130533448c93c6c61239f2a2f3b85f1917f80ca0fdc75",
    "https://deno.land/x/deno_dom@v0.1.43/src/dom/selectors/sizzle-types.ts": "78149e2502409989ce861ed636b813b059e16bc267bb543e7c2b26ef43e4798b",
    "https://deno.land/x/deno_dom@v0.1.43/src/dom/selectors/sizzle.js": "c3aed60c1045a106d8e546ac2f85cc82e65f62d9af2f8f515210b9212286682a",
    "https://deno.land/x/deno_dom@v0.1.43/src/dom/utils-types.ts": "96db30e3e4a75b194201bb9fa30988215da7f91b380fca6a5143e51ece2a8436",
    "https://deno.land/x/deno_dom@v0.1.43/src/dom/utils.ts": "4c6206516fb8f61f37a209c829e812c4f5a183e46d082934dd14c91bde939263",
    "https://deno.land/x/deno_dom@v0.1.43/src/parser.ts": "e06b2300d693e6ae7564e53dfa5c9a9e97fdb8c044c39c52c8b93b5d60860be3",
    "https://esm.sh/@testing-library/preact@3.2.2/pure?dev": "fd856bc3417aa3eb10582e76d107d0afd9f0205bc0a99ab1bcb59a561209cecf",
    "https://esm.sh/preact@10.19.3/hooks?dev": "1be15abfa28bee1a42b90416c79cebf3c1966e1b455da991d6010cf103f2e192",
    "https://esm.sh/preact@10.19.3?dev": "2781abce66bc7d12c31799eec18d9aa65b72bd39ecc10095962da2b31c86b599",
    "https://esm.sh/stable/preact@10.19.3/denonext/hooks.development.js": "4760d03f57fd12ba7276c6394ad4f864191001da73fab00b1f20c9c50c2ca719",
    "https://esm.sh/stable/preact@10.19.3/denonext/preact.development.mjs": "ea8f575b317213a637065c8911bb72fa4644e07ee0c9d98837c4bfc6a508a51b",
    "https://esm.sh/stable/preact@10.19.3/denonext/test-utils.development.js": "dad59a122bea8db1345c5a944dd385768edd1a8ddc9cbdb0ab687b18d943c4f4",
    "https://esm.sh/v135/@testing-library/dom@8.20.1/denonext/dom.development.mjs": "4b56ee3859b31fe07628818eeb18a7fd5a9aadddd70ad624f5693756a6e14192",
    "https://esm.sh/v135/@testing-library/preact@3.2.2/denonext/pure.development.js": "8b9cdac2e1c6d541d98bb3d59273d168939c2686992f2be20fad4dbb11705341",
    "https://esm.sh/v135/ansi-regex@5.0.1/denonext/ansi-regex.development.mjs": "6c8d43583fa08d435bc24b836b54b1ed7b3a3b892c94f35f1b3c62f0963f517a",
    "https://esm.sh/v135/ansi-styles@5.2.0/denonext/ansi-styles.development.mjs": "b85b3015a23297bd6c561268aa41ebf70d7cf11d90943822a5486f899ddd0a51",
    "https://esm.sh/v135/aria-query@5.1.3/denonext/aria-query.development.mjs": "99faf881180ef3313408c1bde8370bc707098c1f5c5a656a769a38d93e333719",
    "https://esm.sh/v135/array-buffer-byte-length@1.0.0/denonext/array-buffer-byte-length.development.mjs": "35b5f1dafa685f075f4e0d2545d6ca24074cef464f5cefe7044e13bbab782094",
    "https://esm.sh/v135/available-typed-arrays@1.0.5/denonext/available-typed-arrays.development.mjs": "1e44dd453cb887dd1ee1e5f64aedda89eb8b35ae29983910e6ad124bec14c286",
    "https://esm.sh/v135/call-bind@1.0.5/denonext/call-bind.development.mjs": "486a6a53f8db0e76e10e344620ff892ecbfc185314978b0aae06c17b6dfda9e0",
    "https://esm.sh/v135/call-bind@1.0.5/denonext/callBound.development.js": "3824f121a1da194b3700c4b7a947854135a28b87f12aa70cef15608bb5481820",
    "https://esm.sh/v135/deep-equal@2.2.3/denonext/deep-equal.development.mjs": "758467d9da352cdc4f10d94d77b47d2d0bc0d566bf61b2419a072a3baa2ff6d8",
    "https://esm.sh/v135/define-data-property@1.1.1/denonext/define-data-property.development.mjs": "a040fb1361d86b3bed6a53c77ff16c0a5ff316501992fea5f17f3c1fc46ce3e7",
    "https://esm.sh/v135/define-properties@1.2.1/denonext/define-properties.development.mjs": "3587aa1bc47c9c2ada8c4cace45373a566b7f1c50485cdbe5d20ced7a3d9fe05",
    "https://esm.sh/v135/dom-accessibility-api@0.5.16/denonext/dom-accessibility-api.development.mjs": "5bea63ca3ced644f0c0147a24c0c6ee17999d4868036bd5f3f56af69f2fa5f15",
    "https://esm.sh/v135/es-get-iterator@1.1.3/denonext/es-get-iterator.development.mjs": "5d2f4e243a1f2d9c512a45c15ad79d449b546bf57a32b3f2037469a9c46d2f8b",
    "https://esm.sh/v135/for-each@0.3.3/denonext/for-each.development.mjs": "ac6bec683e5be3ac518dd80c14c2ef57035db06e9e08dd3ee56a1676d1d3b72f",
    "https://esm.sh/v135/function-bind@1.1.2/denonext/function-bind.development.mjs": "fa09beb87b66ea5f4ffae79d5486970d0b2d7aef1ddce2a62f813df7a47a406a",
    "https://esm.sh/v135/functions-have-names@1.2.3/denonext/functions-have-names.development.mjs": "1aaf678c24a44fa3cd2b751773805f6bc3a37f399f5698e358ff856f4e30fe9c",
    "https://esm.sh/v135/get-intrinsic@1.2.2/denonext/get-intrinsic.development.mjs": "24a4f38c36db36ac7093361bb7b3a34f6ea2798bc75a5d1c58c76bd9f9a6522e",
    "https://esm.sh/v135/gopd@1.0.1/denonext/gopd.development.mjs": "be135c0a3f075f1590b9ac6d0d346e82f3011adc914fb785716d434c7cde3b72",
    "https://esm.sh/v135/has-bigints@1.0.2/denonext/has-bigints.development.mjs": "ee00d0cf8f81b80354e3cf5b4b12559865c45f2c1b1e8ccbfbcec1cc223bcaef",
    "https://esm.sh/v135/has-property-descriptors@1.0.1/denonext/has-property-descriptors.development.mjs": "dcb9008e7dc497c31b1cbea6a860c0e67328ec3b40f025db84b53fe85230d511",
    "https://esm.sh/v135/has-proto@1.0.1/denonext/has-proto.development.mjs": "c6746cc6d91ed1908688ac04561f4a55d95346260a4d6851d31df60a5b15f6f8",
    "https://esm.sh/v135/has-symbols@1.0.3/denonext/has-symbols.development.mjs": "380ebd84fdc009d46fc32efb0974f16fb11abb6ec70fd93975f4ce13929c0465",
    "https://esm.sh/v135/has-symbols@1.0.3/denonext/shams.development.js": "e59d3f63d029df52768eeda7598872a34da86aa53245749e10da079e950ae443",
    "https://esm.sh/v135/has-tostringtag@1.0.0/denonext/shams.development.js": "25f51a30b005f9234005bf053721b1ef171041c73af52da755c3a9644d539b3b",
    "https://esm.sh/v135/hasown@2.0.0/denonext/hasown.development.mjs": "cd8bdc80d99376e63f7a830bcde4ceefb2d8dc846e9b5db5673a94559a70d560",
    "https://esm.sh/v135/internal-slot@1.0.6/denonext/internal-slot.development.mjs": "5e09a3e1f70eabc04619d7f724a39e9f51873f643ab5525191afc5f7b0aca615",
    "https://esm.sh/v135/is-arguments@1.1.1/denonext/is-arguments.development.mjs": "dd1532ef70f0fdafa2c2a698ff3511652bcef62739e113c625dc77266d33c9f5",
    "https://esm.sh/v135/is-array-buffer@3.0.2/denonext/is-array-buffer.development.mjs": "9b3b16f2856c81edcb0c850dee6eb5cd459caf91cdc00898b1cf998a6348978b",
    "https://esm.sh/v135/is-bigint@1.0.4/denonext/is-bigint.development.mjs": "66c0daae132195169db77ccfb0de1e556d93fc6659d90181eea2689a83ac2f3e",
    "https://esm.sh/v135/is-boolean-object@1.1.2/denonext/is-boolean-object.development.mjs": "51f0bedd835405c3750226912be40b74647179b6526019214c7f474aa8f4a7c5",
    "https://esm.sh/v135/is-callable@1.2.7/denonext/is-callable.development.mjs": "91c345ca01e869080f5a186940b4b569855e0a6081dac2e74c4a9d89b5a01c4f",
    "https://esm.sh/v135/is-date-object@1.0.5/denonext/is-date-object.development.mjs": "fdd470c1ae162d7ad1e13ba98cf648d25b2af37e3d48cf029f222e5d686d92d9",
    "https://esm.sh/v135/is-map@2.0.2/denonext/is-map.development.mjs": "61dfde9084553506173acd743021ef5d6abfe35adea03bec8da7fa9f1a9cfe59",
    "https://esm.sh/v135/is-number-object@1.0.7/denonext/is-number-object.development.mjs": "173ba17fca3dd8c01219865c59c2531c9139c64683fcd09d154a83ebaca98445",
    "https://esm.sh/v135/is-regex@1.1.4/denonext/is-regex.development.mjs": "bcfd34f21b92c74bf0a255db319c50e4d6658cf029b2daaa203efaf32a4daae8",
    "https://esm.sh/v135/is-set@2.0.2/denonext/is-set.development.mjs": "979e187047696ccb3d7bb4861a381b4df8edc38086874bcf66b3bf75c2e109c8",
    "https://esm.sh/v135/is-shared-array-buffer@1.0.2/denonext/is-shared-array-buffer.development.mjs": "86d02856ab75f405acae326895f47a5c240dba0833654f54fdcb4fb908240873",
    "https://esm.sh/v135/is-string@1.0.7/denonext/is-string.development.mjs": "80fc4395a8e03a9246e46d39c1f1c77e42c02defb32b7acd49494a8771b99c85",
    "https://esm.sh/v135/is-symbol@1.0.4/denonext/is-symbol.development.mjs": "01eff044dfcb6726345c7f39b02b9d1b5d6f388e855366d847149cd1789c4646",
    "https://esm.sh/v135/is-typed-array@1.1.12/denonext/is-typed-array.development.mjs": "39bdd9f655e58df196bb4a9a3b7e421f95683adb79312a02a9bec76ec328fedd",
    "https://esm.sh/v135/is-weakmap@2.0.1/denonext/is-weakmap.development.mjs": "34c82304ea9e48594d586fd11702765a9916d6c6967e3fe6aa5850786b8e7395",
    "https://esm.sh/v135/is-weakset@2.0.2/denonext/is-weakset.development.mjs": "6efa5b382583c410f01ef323ad2931e9fc28aca8f747ffe7b35a9f33b6bc11ce",
    "https://esm.sh/v135/isarray@2.0.5/denonext/isarray.development.mjs": "2b82b0b5e3eeb6d4247f44297ab77a6e20bd194f6bef229c8fded844df029232",
    "https://esm.sh/v135/lz-string@1.5.0/denonext/lz-string.development.mjs": "d4f860ccbca282abf385535b0947795e8f4241956ef5a6a38015c5de32635b0e",
    "https://esm.sh/v135/object-inspect@1.13.1/denonext/object-inspect.development.mjs": "29839012f64bf20c75f61c2b0e870971332e4a61b46e5da5c8f3205df01bd70b",
    "https://esm.sh/v135/object-is@1.1.5/denonext/object-is.development.mjs": "220674bc3a0d3c0690fb3310f8fe9f82cf553d7c047c9e647784f7d2b27fb88b",
    "https://esm.sh/v135/object-keys@1.1.1/denonext/object-keys.development.mjs": "7def11cd92cb561392dbaa0aa6c6ab43236e62ec6e677624b142d10bcb7aa768",
    "https://esm.sh/v135/object.assign@4.1.5/denonext/object.assign.development.mjs": "43f694b43cffe27326a0ff7ff69b87d7fa3f187af9c2c363330ffeea52ac4af1",
    "https://esm.sh/v135/pretty-format@27.5.1/denonext/ConvertAnsi.development.js": "5dc6c758586c58884aab4d242b8f53716a71ea825d26cbb35b4f3af481b371fa",
    "https://esm.sh/v135/pretty-format@27.5.1/denonext/pretty-format.development.mjs": "61b593cd02021ab64f969cfd39e6b973e346d31694ca26928a42eadaeef9da80",
    "https://esm.sh/v135/react-is@17.0.2/denonext/react-is.development.mjs": "3539e19f6a6ec8452592536a295778ab1e2d691388ad1adc910994386f650754",
    "https://esm.sh/v135/regexp.prototype.flags@1.5.1/denonext/regexp.prototype.flags.development.mjs": "89a2dcf47d7c1ade49f5fee8154ed83ebb8627dc2daeea557b93f273832648b0",
    "https://esm.sh/v135/set-function-length@1.1.1/denonext/set-function-length.development.mjs": "1f27fe907eac42892def52f5e7dea5c1c6fac96a9c2d4252d6211af48f3f5d8a",
    "https://esm.sh/v135/set-function-name@2.0.1/denonext/set-function-name.development.mjs": "921a60e550690755cf2f56bfec0a216342dbda5a5a0345b2d0f57aa2e6c32621",
    "https://esm.sh/v135/side-channel@1.0.4/denonext/side-channel.development.mjs": "438ef4a1fa1c28213b792a94fcdb4233ca90d6a501f373644c38d8592ec11333",
    "https://esm.sh/v135/stop-iteration-iterator@1.0.0/denonext/stop-iteration-iterator.development.mjs": "76452ab4246927668ff6a277f15840661fbe78cb65f9f6bc0cd37e0cec0ea000",
    "https://esm.sh/v135/which-boxed-primitive@1.0.2/denonext/which-boxed-primitive.development.mjs": "6a2cccd0e1f5ab095221a6c22f93ee5758d58ad23fe94bd6059fde360cede377",
    "https://esm.sh/v135/which-collection@1.0.1/denonext/which-collection.development.mjs": "d620f5280601a5b134fc39cbadb62416c299afe1adb6d510a153af7bd9beb00b",
    "https://esm.sh/v135/which-typed-array@1.1.13/denonext/which-typed-array.development.mjs": "079acb4c41ab5540da593ce9914b238cc48e5f8cbd8cf653f4942ddba1a6b2c4"
  }
}
